
Microsoft Visual Studio Solution File, Format Version 12.00
# Visual Studio Version 17
VisualStudioVersion = 17.2.32526.322
MinimumVisualStudioVersion = 10.0.40219.1
Project("{8BC9CEB8-8B4A-11D0-8D11-00A0C91BC942}") = "kson", "kson.vcxproj", "{E8FC8484-971E-48D5-8523-1F38E5F9A45E}"
EndProject
Project("{8BC9CEB8-8B4A-11D0-8D11-00A0C91BC942}") = "ksh2kson", "tool\ksh2kson.vcxproj", "{873C2F80-D9FE-494A-BF87-C477BF0F5F64}"
EndProject
Global
	GlobalSection(SolutionConfigurationPlatforms) = preSolution
		Debug|x64 = Debug|x64
		Debug|x86 = Debug|x86
		Release|x64 = Release|x64
		Release|x86 = Release|x86
	EndGlobalSection
	GlobalSection(ProjectConfigurationPlatforms) = postSolution
		{E8FC8484-971E-48D5-8523-1F38E5F9A45E}.Debug|x64.ActiveCfg = Debug|x64
		{E8FC8484-971E-48D5-8523-1F38E5F9A45E}.Debug|x64.Build.0 = Debug|x64
		{E8FC8484-971E-48D5-8523-1F38E5F9A45E}.Debug|x86.ActiveCfg = Debug|Win32
		{E8FC8484-971E-48D5-8523-1F38E5F9A45E}.Debug|x86.Build.0 = Debug|Win32
		{E8FC8484-971E-48D5-8523-1F38E5F9A45E}.Release|x64.ActiveCfg = Release|x64
		{E8FC8484-971E-48D5-8523-1F38E5F9A45E}.Release|x64.Build.0 = Release|x64
		{E8FC8484-971E-48D5-8523-1F38E5F9A45E}.Release|x86.ActiveCfg = Release|Win32
		{E8FC8484-971E-48D5-8523-1F38E5F9A45E}.Release|x86.Build.0 = Release|Win32
		{873C2F80-D9FE-494A-BF87-C477BF0F5F64}.Debug|x64.ActiveCfg = Debug|x64
		{873C2F80-D9FE-494A-BF87-C477BF0F5F64}.Debug|x64.Build.0 = Debug|x64
		{873C2F80-D9FE-494A-BF87-C477BF0F5F64}.Debug|x86.ActiveCfg = Debug|Win32
		{873C2F80-D9FE-494A-BF87-C477BF0F5F64}.Debug|x86.Build.0 = Debug|Win32
		{873C2F80-D9FE-494A-BF87-C477BF0F5F64}.Release|x64.ActiveCfg = Release|x64
		{873C2F80-D9FE-494A-BF87-C477BF0F5F64}.Release|x64.Build.0 = Release|x64
		{873C2F80-D9FE-494A-BF87-C477BF0F5F64}.Release|x86.ActiveCfg = Release|Win32
		{873C2F80-D9FE-494A-BF87-C477BF0F5F64}.Release|x86.Build.0 = Release|Win32
	EndGlobalSection
	GlobalSection(SolutionProperties) = preSolution
		HideSolutionNode = FALSE
	EndGlobalSection
	GlobalSection(ExtensibilityGlobals) = postSolution
		SolutionGuid = {6FEE2B38-D28E-44BF-95BB-E94BE91324C4}
	EndGlobalSection
EndGlobal
